Microsoft Visual Studio Solution File, Format Version 12.00
# Visual Studio Version 17
VisualStudioVersion = 17.5.2.0
MinimumVisualStudioVersion = 10.0.40219.1
Project("{FAE04EC0-301F-11D3-BF4B-00C04F79EFBC}") = "MadecorSales", "MadecorSales.csproj", "{CE80D5F3-9C10-ABBC-2D04-6EC02ADE11DA}"
EndProject
Global
	GlobalSection(SolutionConfigurationPlatforms) = preSolution
		Debug|Any CPU = Debug|Any CPU
		Release|Any CPU = Release|Any CPU
	EndGlobalSection
	GlobalSection(ProjectConfigurationPlatforms) = postSolution
		{CE80D5F3-9C10-ABBC-2D04-6EC02ADE11DA}.Debug|Any CPU.ActiveCfg = Debug|Any CPU
		{CE80D5F3-9C10-ABBC-2D04-6EC02ADE11DA}.Debug|Any CPU.Build.0 = Debug|Any CPU
		{CE80D5F3-9C10-ABBC-2D04-6EC02ADE11DA}.Release|Any CPU.ActiveCfg = Release|Any CPU
		{CE80D5F3-9C10-ABBC-2D04-6EC02ADE11DA}.Release|Any CPU.Build.0 = Release|Any CPU
	EndGlobalSection
	GlobalSection(SolutionProperties) = preSolution
		HideSolutionNode = FALSE
	EndGlobalSection
	GlobalSection(ExtensibilityGlobals) = postSolution
		SolutionGuid = {D2713D05-C5BE-4FF8-8671-424D232B6479}
	EndGlobalSection
EndGlobal
